
Microsoft Visual Studio Solution File, Format Version 12.00
# Visual Studio Version 17
VisualStudioVersion = 17.4.33205.214
MinimumVisualStudioVersion = 10.0.40219.1
Project("{9A19103F-16F7-4668-BE54-9A1E7A4F7556}") = "JavascriptFormTest", "JavascriptFormTest.csproj", "{C122340B-70BF-4BF3-B9E1-A5AFEF0FB4D4}"
EndProject
Global
	GlobalSection(SolutionConfigurationPlatforms) = preSolution
		Debug|Any CPU = Debug|Any CPU
		Release|Any CPU = Release|Any CPU
	EndGlobalSection
	GlobalSection(ProjectConfigurationPlatforms) = postSolution
		{C122340B-70BF-4BF3-B9E1-A5AFEF0FB4D4}.Debug|Any CPU.ActiveCfg = Debug|Any CPU
		{C122340B-70BF-4BF3-B9E1-A5AFEF0FB4D4}.Debug|Any CPU.Build.0 = Debug|Any CPU
		{C122340B-70BF-4BF3-B9E1-A5AFEF0FB4D4}.Release|Any CPU.ActiveCfg = Release|Any CPU
		{C122340B-70BF-4BF3-B9E1-A5AFEF0FB4D4}.Release|Any CPU.Build.0 = Release|Any CPU
	EndGlobalSection
	GlobalSection(SolutionProperties) = preSolution
		HideSolutionNode = FALSE
	EndGlobalSection
	GlobalSection(ExtensibilityGlobals) = postSolution
		SolutionGuid = {66124C13-1DDA-4A8E-A5D4-BEE8B7D96358}
	EndGlobalSection
EndGlobal
